Microsoft Visual Studio Solution File, Format Version 12.00
# Visual Studio Version 17
VisualStudioVersion = 17.0.31903.59
MinimumVisualStudioVersion = 10.0.40219.1
Project("{2150E333-8FDC-42A3-9474-1A3956D46DE8}") = "Extensions", "src\Extensions", "{2E92CD5F-D91B-4843-8300-CD02FE1A5C3E}"
EndProject
Project("{2150E333-8FDC-42A3-9474-1A3956D46DE8}") = "FSM", "src\FSM", "{7C826F0A-2D0A-4BD2-9E5B-A78BC74ACAAE}"
EndProject
Project("{2150E333-8FDC-42A3-9474-1A3956D46DE8}") = "Automations", "src\Automations", "{86466D73-4622-49C5-951C-D405A54FBD4F}"
EndProject
Project("{2150E333-8FDC-42A3-9474-1A3956D46DE8}") = "Debug", "Debug", "{3548B713-C3AF-4D51-863B-CA16A919E5B1}"
EndProject
Project("{FAE04EC0-301F-11D3-BF4B-00C04F79EFBC}") = "NetEntityAutomation.Extensions.LightExtensionMethods", "src\Extensions\LightExtensionMethods\LightExtensionMethods.csproj", "{B2045A58-5891-4D95-833D-B53D6CCFB5D2}"
EndProject
Project("{FAE04EC0-301F-11D3-BF4B-00C04F79EFBC}") = "NetEntityAutomation.Extensions.Events", "src\Extensions\Events\Events.csproj", "{814D8335-4E18-4B53-912C-C4FF1F5234D5}"
EndProject
Project("{FAE04EC0-301F-11D3-BF4B-00C04F79EFBC}") = "NetEntityAutomation.FSM.LightFsm", "src\FSM\LightFsm\LightFsm.csproj", "{DB5AE529-5B7A-4353-9A3D-90DF9B5DFEEC}"
EndProject
Project("{FAE04EC0-301F-11D3-BF4B-00C04F79EFBC}") = "NetEntityAutomation.Automations.LightAutomation", "src\Automations\LightAutomation\LightAutomation.csproj", "{B153686C-4183-4932-9054-DF00D7CC99F9}"
EndProject
Project("{FAE04EC0-301F-11D3-BF4B-00C04F79EFBC}") = "AutomationConfig", "src\Automations\AutomationConfig\AutomationConfig.csproj", "{B6E7231C-FA5A-4CE3-B240-6E1130A08115}"
EndProject
Project("{FAE04EC0-301F-11D3-BF4B-00C04F79EFBC}") = "Mapping", "src\Extensions\Mapping\Mapping.csproj", "{DF288709-6CDF-4A89-B01E-F4014B6A9838}"
EndProject
Project("{2150E333-8FDC-42A3-9474-1A3956D46DE8}") = "Room", "src\Room", "{177B0AD3-49BE-47CF-8C21-EC9E9D65165A}"
EndProject
Project("{FAE04EC0-301F-11D3-BF4B-00C04F79EFBC}") = "Core", "src\Room\Core\Core.csproj", "{420630A7-7890-4ABE-8903-D50B01E316A5}"
EndProject
Project("{FAE04EC0-301F-11D3-BF4B-00C04F79EFBC}") = "Triggers", "src\Room\Triggers\Triggers.csproj", "{EC9AF70B-6434-4D7E-B27A-847AB6D12E22}"
EndProject
Project("{FAE04EC0-301F-11D3-BF4B-00C04F79EFBC}") = "Conditions", "src\Room\Conditions\Conditions.csproj", "{1FDF2408-254F-4119-944A-795BBAFCA092}"
EndProject
Project("{FAE04EC0-301F-11D3-BF4B-00C04F79EFBC}") = "Types", "src\Extensions\Types\Types.csproj", "{C87B8D36-91D2-4B72-A26B-A5F404CA59DC}"
EndProject
Global
	GlobalSection(SolutionConfigurationPlatforms) = preSolution
		Debug|Any CPU = Debug|Any CPU
		Release|Any CPU = Release|Any CPU
	EndGlobalSection
	GlobalSection(SolutionProperties) = preSolution
		HideSolutionNode = FALSE
	EndGlobalSection
	GlobalSection(ProjectConfigurationPlatforms) = postSolution
		{814D8335-4E18-4B53-912C-C4FF1F5234D5}.Debug|Any CPU.ActiveCfg = Debug|Any CPU
		{814D8335-4E18-4B53-912C-C4FF1F5234D5}.Debug|Any CPU.Build.0 = Debug|Any CPU
		{814D8335-4E18-4B53-912C-C4FF1F5234D5}.Release|Any CPU.ActiveCfg = Release|Any CPU
		{814D8335-4E18-4B53-912C-C4FF1F5234D5}.Release|Any CPU.Build.0 = Release|Any CPU
		{B2045A58-5891-4D95-833D-B53D6CCFB5D2}.Debug|Any CPU.ActiveCfg = Debug|Any CPU
		{B2045A58-5891-4D95-833D-B53D6CCFB5D2}.Debug|Any CPU.Build.0 = Debug|Any CPU
		{B2045A58-5891-4D95-833D-B53D6CCFB5D2}.Release|Any CPU.ActiveCfg = Release|Any CPU
		{B2045A58-5891-4D95-833D-B53D6CCFB5D2}.Release|Any CPU.Build.0 = Release|Any CPU
		{DB5AE529-5B7A-4353-9A3D-90DF9B5DFEEC}.Debug|Any CPU.ActiveCfg = Debug|Any CPU
		{DB5AE529-5B7A-4353-9A3D-90DF9B5DFEEC}.Debug|Any CPU.Build.0 = Debug|Any CPU
		{DB5AE529-5B7A-4353-9A3D-90DF9B5DFEEC}.Release|Any CPU.ActiveCfg = Release|Any CPU
		{DB5AE529-5B7A-4353-9A3D-90DF9B5DFEEC}.Release|Any CPU.Build.0 = Release|Any CPU
		{B153686C-4183-4932-9054-DF00D7CC99F9}.Debug|Any CPU.ActiveCfg = Debug|Any CPU
		{B153686C-4183-4932-9054-DF00D7CC99F9}.Debug|Any CPU.Build.0 = Debug|Any CPU
		{B153686C-4183-4932-9054-DF00D7CC99F9}.Release|Any CPU.ActiveCfg = Release|Any CPU
		{B153686C-4183-4932-9054-DF00D7CC99F9}.Release|Any CPU.Build.0 = Release|Any CPU
		{B6E7231C-FA5A-4CE3-B240-6E1130A08115}.Debug|Any CPU.ActiveCfg = Debug|Any CPU
		{B6E7231C-FA5A-4CE3-B240-6E1130A08115}.Debug|Any CPU.Build.0 = Debug|Any CPU
		{B6E7231C-FA5A-4CE3-B240-6E1130A08115}.Release|Any CPU.ActiveCfg = Release|Any CPU
		{B6E7231C-FA5A-4CE3-B240-6E1130A08115}.Release|Any CPU.Build.0 = Release|Any CPU
		{DF288709-6CDF-4A89-B01E-F4014B6A9838}.Debug|Any CPU.ActiveCfg = Debug|Any CPU
		{DF288709-6CDF-4A89-B01E-F4014B6A9838}.Debug|Any CPU.Build.0 = Debug|Any CPU
		{DF288709-6CDF-4A89-B01E-F4014B6A9838}.Release|Any CPU.ActiveCfg = Release|Any CPU
		{DF288709-6CDF-4A89-B01E-F4014B6A9838}.Release|Any CPU.Build.0 = Release|Any CPU
		{420630A7-7890-4ABE-8903-D50B01E316A5}.Debug|Any CPU.ActiveCfg = Debug|Any CPU
		{420630A7-7890-4ABE-8903-D50B01E316A5}.Debug|Any CPU.Build.0 = Debug|Any CPU
		{420630A7-7890-4ABE-8903-D50B01E316A5}.Release|Any CPU.ActiveCfg = Release|Any CPU
		{420630A7-7890-4ABE-8903-D50B01E316A5}.Release|Any CPU.Build.0 = Release|Any CPU
		{EC9AF70B-6434-4D7E-B27A-847AB6D12E22}.Debug|Any CPU.ActiveCfg = Debug|Any CPU
		{EC9AF70B-6434-4D7E-B27A-847AB6D12E22}.Debug|Any CPU.Build.0 = Debug|Any CPU
		{EC9AF70B-6434-4D7E-B27A-847AB6D12E22}.Release|Any CPU.ActiveCfg = Release|Any CPU
		{EC9AF70B-6434-4D7E-B27A-847AB6D12E22}.Release|Any CPU.Build.0 = Release|Any CPU
		{1FDF2408-254F-4119-944A-795BBAFCA092}.Debug|Any CPU.ActiveCfg = Debug|Any CPU
		{1FDF2408-254F-4119-944A-795BBAFCA092}.Debug|Any CPU.Build.0 = Debug|Any CPU
		{1FDF2408-254F-4119-944A-795BBAFCA092}.Release|Any CPU.ActiveCfg = Release|Any CPU
		{1FDF2408-254F-4119-944A-795BBAFCA092}.Release|Any CPU.Build.0 = Release|Any CPU
		{C87B8D36-91D2-4B72-A26B-A5F404CA59DC}.Debug|Any CPU.ActiveCfg = Debug|Any CPU
		{C87B8D36-91D2-4B72-A26B-A5F404CA59DC}.Debug|Any CPU.Build.0 = Debug|Any CPU
		{C87B8D36-91D2-4B72-A26B-A5F404CA59DC}.Release|Any CPU.ActiveCfg = Release|Any CPU
		{C87B8D36-91D2-4B72-A26B-A5F404CA59DC}.Release|Any CPU.Build.0 = Release|Any CPU
	EndGlobalSection
	GlobalSection(NestedProjects) = preSolution
		{B2045A58-5891-4D95-833D-B53D6CCFB5D2} = {2E92CD5F-D91B-4843-8300-CD02FE1A5C3E}
		{814D8335-4E18-4B53-912C-C4FF1F5234D5} = {2E92CD5F-D91B-4843-8300-CD02FE1A5C3E}
		{DB5AE529-5B7A-4353-9A3D-90DF9B5DFEEC} = {7C826F0A-2D0A-4BD2-9E5B-A78BC74ACAAE}
		{B153686C-4183-4932-9054-DF00D7CC99F9} = {86466D73-4622-49C5-951C-D405A54FBD4F}
		{B6E7231C-FA5A-4CE3-B240-6E1130A08115} = {86466D73-4622-49C5-951C-D405A54FBD4F}
		{DF288709-6CDF-4A89-B01E-F4014B6A9838} = {2E92CD5F-D91B-4843-8300-CD02FE1A5C3E}
		{420630A7-7890-4ABE-8903-D50B01E316A5} = {177B0AD3-49BE-47CF-8C21-EC9E9D65165A}
		{EC9AF70B-6434-4D7E-B27A-847AB6D12E22} = {177B0AD3-49BE-47CF-8C21-EC9E9D65165A}
		{1FDF2408-254F-4119-944A-795BBAFCA092} = {177B0AD3-49BE-47CF-8C21-EC9E9D65165A}
		{C87B8D36-91D2-4B72-A26B-A5F404CA59DC} = {2E92CD5F-D91B-4843-8300-CD02FE1A5C3E}
	EndGlobalSection
EndGlobal
