
Microsoft Visual Studio Solution File, Format Version 12.00
# Visual Studio Version 17
VisualStudioVersion = 17.0.31903.59
MinimumVisualStudioVersion = 10.0.40219.1
Project("{2150E333-8FDC-42A3-9474-1A3956D46DE8}") = "Extensions", "src\Extensions", "{2E92CD5F-D91B-4843-8300-CD02FE1A5C3E}"
EndProject
Project("{2150E333-8FDC-42A3-9474-1A3956D46DE8}") = "FSM", "src\FSM", "{7C826F0A-2D0A-4BD2-9E5B-A78BC74ACAAE}"
EndProject
Project("{2150E333-8FDC-42A3-9474-1A3956D46DE8}") = "Automations", "src\Automations", "{86466D73-4622-49C5-951C-D405A54FBD4F}"
EndProject
Project("{2150E333-8FDC-42A3-9474-1A3956D46DE8}") = "Debug", "Debug", "{3548B713-C3AF-4D51-863B-CA16A919E5B1}"
EndProject
Project("{FAE04EC0-301F-11D3-BF4B-00C04F79EFBC}") = "NetEntityAutomation.Extensions.LightExtensionMethods", "src\Extensions\LightExtensionMethods\LightExtensionMethods.csproj", "{B2045A58-5891-4D95-833D-B53D6CCFB5D2}"
EndProject
Project("{FAE04EC0-301F-11D3-BF4B-00C04F79EFBC}") = "NetEntityAutomation.Extensions.Events", "src\Extensions\Events\Events.csproj", "{814D8335-4E18-4B53-912C-C4FF1F5234D5}"
EndProject
Project("{FAE04EC0-301F-11D3-BF4B-00C04F79EFBC}") = "NetEntityAutomation.FSM.LightFsm", "src\FSM\LightFsm\LightFsm.csproj", "{DB5AE529-5B7A-4353-9A3D-90DF9B5DFEEC}"
EndProject
Project("{FAE04EC0-301F-11D3-BF4B-00C04F79EFBC}") = "NetEntityAutomation.Automations.LightAutomation", "src\Automations\LightAutomation\LightAutomation.csproj", "{B153686C-4183-4932-9054-DF00D7CC99F9}"
EndProject
Global
	GlobalSection(SolutionConfigurationPlatforms) = preSolution
		Debug|Any CPU = Debug|Any CPU
		Release|Any CPU = Release|Any CPU
	EndGlobalSection
	GlobalSection(SolutionProperties) = preSolution
		HideSolutionNode = FALSE
	EndGlobalSection
	GlobalSection(ProjectConfigurationPlatforms) = postSolution
		{814D8335-4E18-4B53-912C-C4FF1F5234D5}.Debug|Any CPU.ActiveCfg = Debug|Any CPU
		{814D8335-4E18-4B53-912C-C4FF1F5234D5}.Debug|Any CPU.Build.0 = Debug|Any CPU
		{814D8335-4E18-4B53-912C-C4FF1F5234D5}.Release|Any CPU.ActiveCfg = Release|Any CPU
		{814D8335-4E18-4B53-912C-C4FF1F5234D5}.Release|Any CPU.Build.0 = Release|Any CPU
		{B2045A58-5891-4D95-833D-B53D6CCFB5D2}.Debug|Any CPU.ActiveCfg = Debug|Any CPU
		{B2045A58-5891-4D95-833D-B53D6CCFB5D2}.Debug|Any CPU.Build.0 = Debug|Any CPU
		{B2045A58-5891-4D95-833D-B53D6CCFB5D2}.Release|Any CPU.ActiveCfg = Release|Any CPU
		{B2045A58-5891-4D95-833D-B53D6CCFB5D2}.Release|Any CPU.Build.0 = Release|Any CPU
		{DB5AE529-5B7A-4353-9A3D-90DF9B5DFEEC}.Debug|Any CPU.ActiveCfg = Debug|Any CPU
		{DB5AE529-5B7A-4353-9A3D-90DF9B5DFEEC}.Debug|Any CPU.Build.0 = Debug|Any CPU
		{DB5AE529-5B7A-4353-9A3D-90DF9B5DFEEC}.Release|Any CPU.ActiveCfg = Release|Any CPU
		{DB5AE529-5B7A-4353-9A3D-90DF9B5DFEEC}.Release|Any CPU.Build.0 = Release|Any CPU
		{B153686C-4183-4932-9054-DF00D7CC99F9}.Debug|Any CPU.ActiveCfg = Debug|Any CPU
		{B153686C-4183-4932-9054-DF00D7CC99F9}.Debug|Any CPU.Build.0 = Debug|Any CPU
		{B153686C-4183-4932-9054-DF00D7CC99F9}.Release|Any CPU.ActiveCfg = Release|Any CPU
		{B153686C-4183-4932-9054-DF00D7CC99F9}.Release|Any CPU.Build.0 = Release|Any CPU
	EndGlobalSection
	GlobalSection(NestedProjects) = preSolution
		{B2045A58-5891-4D95-833D-B53D6CCFB5D2} = {2E92CD5F-D91B-4843-8300-CD02FE1A5C3E}
		{814D8335-4E18-4B53-912C-C4FF1F5234D5} = {2E92CD5F-D91B-4843-8300-CD02FE1A5C3E}
		{DB5AE529-5B7A-4353-9A3D-90DF9B5DFEEC} = {7C826F0A-2D0A-4BD2-9E5B-A78BC74ACAAE}
		{B153686C-4183-4932-9054-DF00D7CC99F9} = {86466D73-4622-49C5-951C-D405A54FBD4F}
	EndGlobalSection
EndGlobal
