
Microsoft Visual Studio Solution File, Format Version 12.00
# Visual Studio Version 17
VisualStudioVersion = 17.0.31903.59
MinimumVisualStudioVersion = 10.0.40219.1
Project("{FAE04EC0-301F-11D3-BF4B-00C04F79EFBC}") = "LightFsm", "LightFsm\LightFsm.csproj", "{4EA7FFF7-34CF-4442-BB84-337865FB6A45}"
EndProject
Project("{FAE04EC0-301F-11D3-BF4B-00C04F79EFBC}") = "Room", "Room\Room.csproj", "{C59E6E0B-DCE7-48FD-86D9-57ADB0A5390F}"
EndProject
Project("{FAE04EC0-301F-11D3-BF4B-00C04F79EFBC}") = "Events", "Events\Events.csproj", "{814D8335-4E18-4B53-912C-C4FF1F5234D5}"
EndProject
Project("{2150E333-8FDC-42A3-9474-1A3956D46DE8}") = "Extensions", "Extensions", "{2E92CD5F-D91B-4843-8300-CD02FE1A5C3E}"
EndProject
Project("{FAE04EC0-301F-11D3-BF4B-00C04F79EFBC}") = "LightExtensionMethods", "LightExtensionMethods\LightExtensionMethods.csproj", "{B2045A58-5891-4D95-833D-B53D6CCFB5D2}"
EndProject
Project("{FAE04EC0-301F-11D3-BF4B-00C04F79EFBC}") = "LightAutomation", "LightAutomation\LightAutomation.csproj", "{D7BAEF99-CFA7-43E4-A0C9-205EC93CC587}"
EndProject
Project("{2150E333-8FDC-42A3-9474-1A3956D46DE8}") = "Debug", "Debug", "{3548B713-C3AF-4D51-863B-CA16A919E5B1}"
EndProject
Project("{FAE04EC0-301F-11D3-BF4B-00C04F79EFBC}") = "nd_app", "..\nd_app\nd_app.csproj", "{62D77BAD-E544-4E62-941C-28DD72653044}"
EndProject
Project("{2150E333-8FDC-42A3-9474-1A3956D46DE8}") = "Automations", "Automations", "{86466D73-4622-49C5-951C-D405A54FBD4F}"
EndProject
Project("{2150E333-8FDC-42A3-9474-1A3956D46DE8}") = "FSM", "FSM", "{7C826F0A-2D0A-4BD2-9E5B-A78BC74ACAAE}"
EndProject
Global
	GlobalSection(SolutionConfigurationPlatforms) = preSolution
		Debug|Any CPU = Debug|Any CPU
		Release|Any CPU = Release|Any CPU
	EndGlobalSection
	GlobalSection(SolutionProperties) = preSolution
		HideSolutionNode = FALSE
	EndGlobalSection
	GlobalSection(ProjectConfigurationPlatforms) = postSolution
		{4EA7FFF7-34CF-4442-BB84-337865FB6A45}.Debug|Any CPU.ActiveCfg = Debug|Any CPU
		{4EA7FFF7-34CF-4442-BB84-337865FB6A45}.Debug|Any CPU.Build.0 = Debug|Any CPU
		{4EA7FFF7-34CF-4442-BB84-337865FB6A45}.Release|Any CPU.ActiveCfg = Release|Any CPU
		{4EA7FFF7-34CF-4442-BB84-337865FB6A45}.Release|Any CPU.Build.0 = Release|Any CPU
		{C59E6E0B-DCE7-48FD-86D9-57ADB0A5390F}.Debug|Any CPU.ActiveCfg = Debug|Any CPU
		{C59E6E0B-DCE7-48FD-86D9-57ADB0A5390F}.Debug|Any CPU.Build.0 = Debug|Any CPU
		{C59E6E0B-DCE7-48FD-86D9-57ADB0A5390F}.Release|Any CPU.ActiveCfg = Release|Any CPU
		{C59E6E0B-DCE7-48FD-86D9-57ADB0A5390F}.Release|Any CPU.Build.0 = Release|Any CPU
		{814D8335-4E18-4B53-912C-C4FF1F5234D5}.Debug|Any CPU.ActiveCfg = Debug|Any CPU
		{814D8335-4E18-4B53-912C-C4FF1F5234D5}.Debug|Any CPU.Build.0 = Debug|Any CPU
		{814D8335-4E18-4B53-912C-C4FF1F5234D5}.Release|Any CPU.ActiveCfg = Release|Any CPU
		{814D8335-4E18-4B53-912C-C4FF1F5234D5}.Release|Any CPU.Build.0 = Release|Any CPU
		{B2045A58-5891-4D95-833D-B53D6CCFB5D2}.Debug|Any CPU.ActiveCfg = Debug|Any CPU
		{B2045A58-5891-4D95-833D-B53D6CCFB5D2}.Debug|Any CPU.Build.0 = Debug|Any CPU
		{B2045A58-5891-4D95-833D-B53D6CCFB5D2}.Release|Any CPU.ActiveCfg = Release|Any CPU
		{B2045A58-5891-4D95-833D-B53D6CCFB5D2}.Release|Any CPU.Build.0 = Release|Any CPU
		{D7BAEF99-CFA7-43E4-A0C9-205EC93CC587}.Debug|Any CPU.ActiveCfg = Debug|Any CPU
		{D7BAEF99-CFA7-43E4-A0C9-205EC93CC587}.Debug|Any CPU.Build.0 = Debug|Any CPU
		{D7BAEF99-CFA7-43E4-A0C9-205EC93CC587}.Release|Any CPU.ActiveCfg = Release|Any CPU
		{D7BAEF99-CFA7-43E4-A0C9-205EC93CC587}.Release|Any CPU.Build.0 = Release|Any CPU
		{62D77BAD-E544-4E62-941C-28DD72653044}.Debug|Any CPU.ActiveCfg = Debug|Any CPU
		{62D77BAD-E544-4E62-941C-28DD72653044}.Debug|Any CPU.Build.0 = Debug|Any CPU
		{62D77BAD-E544-4E62-941C-28DD72653044}.Release|Any CPU.ActiveCfg = Release|Any CPU
		{62D77BAD-E544-4E62-941C-28DD72653044}.Release|Any CPU.Build.0 = Release|Any CPU
	EndGlobalSection
	GlobalSection(NestedProjects) = preSolution
		{B2045A58-5891-4D95-833D-B53D6CCFB5D2} = {2E92CD5F-D91B-4843-8300-CD02FE1A5C3E}
		{62D77BAD-E544-4E62-941C-28DD72653044} = {3548B713-C3AF-4D51-863B-CA16A919E5B1}
		{D7BAEF99-CFA7-43E4-A0C9-205EC93CC587} = {86466D73-4622-49C5-951C-D405A54FBD4F}
		{814D8335-4E18-4B53-912C-C4FF1F5234D5} = {2E92CD5F-D91B-4843-8300-CD02FE1A5C3E}
		{4EA7FFF7-34CF-4442-BB84-337865FB6A45} = {7C826F0A-2D0A-4BD2-9E5B-A78BC74ACAAE}
	EndGlobalSection
EndGlobal
